
Microsoft Visual Studio Solution File, Format Version 12.00
# Visual Studio Version 16
VisualStudioVersion = 16.0.30907.101
MinimumVisualStudioVersion = 10.0.40219.1
Project("{2150E333-8FDC-42A3-9474-1A3956D46DE8}") = "01. Clients", "01. Clients", "{995842E6-2F7C-4AFE-83B5-BF28B386B2A1}"
EndProject
Project("{2150E333-8FDC-42A3-9474-1A3956D46DE8}") = "02. Api.Gateways", "02. Api.Gateways", "{00C76FD7-71F5-4A08-8DB2-46F04DFE9255}"
EndProject
Project("{2150E333-8FDC-42A3-9474-1A3956D46DE8}") = "03. Services", "03. Services", "{95A51AA6-1E90-450C-A889-7FD0BDC4036A}"
EndProject
Project("{2150E333-8FDC-42A3-9474-1A3956D46DE8}") = "01. Identity", "01. Identity", "{EDAE3202-242B-44AC-AE02-988468598FE2}"
EndProject
Project("{2150E333-8FDC-42A3-9474-1A3956D46DE8}") = "02. Catalog", "02. Catalog", "{39F0554C-00E9-404C-90DD-49D629084787}"
EndProject
Project("{2150E333-8FDC-42A3-9474-1A3956D46DE8}") = "03. Customer", "03. Customer", "{04D93F9E-2725-4B49-8AEB-67FDF0D8CFE2}"
EndProject
Project("{2150E333-8FDC-42A3-9474-1A3956D46DE8}") = "04. Order", "04. Order", "{6E690C30-2752-4A2E-B953-50071C3AABC1}"
EndProject
Project("{9A19103F-16F7-4668-BE54-9A1E7A4F7556}") = "Catalog.Api", "src\Services\Catalog\Catalog.Api\Catalog.Api.csproj", "{19BC7008-7874-4044-B562-6FDD9F1CBBD3}"
EndProject
Project("{2150E333-8FDC-42A3-9474-1A3956D46DE8}") = "01. API", "01. API", "{A8FA1686-71E4-4146-B6B6-8EE89AD8AC9A}"
EndProject
Project("{2150E333-8FDC-42A3-9474-1A3956D46DE8}") = "02. Services", "02. Services", "{459625E1-AD08-46B3-AB2C-4F7174481F9F}"
EndProject
Project("{2150E333-8FDC-42A3-9474-1A3956D46DE8}") = "03. Persistence", "03. Persistence", "{EC022602-3411-4D94-878B-BB8DB3F441C6}"
EndProject
Project("{2150E333-8FDC-42A3-9474-1A3956D46DE8}") = "04. Models", "04. Models", "{33670ADE-F857-45B7-AD22-7BA57FF91CDA}"
EndProject
Project("{9A19103F-16F7-4668-BE54-9A1E7A4F7556}") = "Catalog.Domain", "src\Services\Catalog\Catalog.Domain\Catalog.Domain.csproj", "{B364E0CB-2313-4B35-AD6B-782F63F9F4D6}"
EndProject
Project("{9A19103F-16F7-4668-BE54-9A1E7A4F7556}") = "Catalog.Persistence.Database", "src\Services\Catalog\Catalog.Persistence.Database\Catalog.Persistence.Database.csproj", "{407C27A2-AC4C-4515-99A3-E754C8D2C35B}"
EndProject
Project("{9A19103F-16F7-4668-BE54-9A1E7A4F7556}") = "Catalog.Services.Queries", "src\Services\Catalog\Catalog.Services.Queries\Catalog.Services.Queries.csproj", "{996EB0B3-42E4-4E55-A388-400F23E21F14}"
EndProject
Project("{2150E333-8FDC-42A3-9474-1A3956D46DE8}") = "Common", "Common", "{A0E78EAC-DFD3-425C-AB19-8856283E5A4A}"
EndProject
Project("{9A19103F-16F7-4668-BE54-9A1E7A4F7556}") = "Services.Common.Mapping", "src\Services\Common\Services.Common.Mapping\Services.Common.Mapping.csproj", "{B6E2024E-5667-4ED7-869F-619E48C2C63E}"
EndProject
Project("{9A19103F-16F7-4668-BE54-9A1E7A4F7556}") = "Services.Common.Collection", "src\Services\Common\Services.Common.Collection\Services.Common.Collection.csproj", "{D2018FA4-2768-4939-8E95-63A2E850B075}"
EndProject
Project("{9A19103F-16F7-4668-BE54-9A1E7A4F7556}") = "Services.Common.Paging", "src\Services\Common\Services.Common.Paging\Services.Common.Paging.csproj", "{CB019F65-0457-4F6A-8DFB-C8F1F25CDE0B}"
EndProject
Project("{9A19103F-16F7-4668-BE54-9A1E7A4F7556}") = "Catalog.Service.EventHandlers", "src\Services\Catalog\Catalog.Service.EventHandlers\Catalog.Service.EventHandlers.csproj", "{A45BAFB2-3F1C-4A87-9CD9-F2FD278CD30C}"
EndProject
Project("{2150E333-8FDC-42A3-9474-1A3956D46DE8}") = "05. Common", "05. Common", "{000CB823-EB45-4C60-983B-09A068394E9A}"
EndProject
Project("{9A19103F-16F7-4668-BE54-9A1E7A4F7556}") = "Catalog.Common", "src\Services\Catalog\Catalog.Common\Catalog.Common.csproj", "{9C7E8917-78DC-41A3-8E1C-814D8A0A01E6}"
EndProject
Project("{2150E333-8FDC-42A3-9474-1A3956D46DE8}") = "04. Common", "04. Common", "{263C238A-116F-43A8-BA5D-AC3ED47C9E77}"
EndProject
Project("{9A19103F-16F7-4668-BE54-9A1E7A4F7556}") = "Common.Logging", "src\Common.Logging\Common.Logging.csproj", "{5DEB6694-640D-4F09-9DF9-4C12F445749F}"
EndProject
Project("{2150E333-8FDC-42A3-9474-1A3956D46DE8}") = "06. Testing", "06. Testing", "{A8972BEE-8995-4388-9A16-6283DA3CEB85}"
EndProject
Project("{9A19103F-16F7-4668-BE54-9A1E7A4F7556}") = "Catalog.Tests", "src\Services\Catalog\Catalog.Tests\Catalog.Tests.csproj", "{272F80CE-DDA8-4210-A946-21366597577F}"
EndProject
Project("{2150E333-8FDC-42A3-9474-1A3956D46DE8}") = "01. API", "01. API", "{7B4CB541-8881-473B-992F-00CD6468C782}"
EndProject
Project("{2150E333-8FDC-42A3-9474-1A3956D46DE8}") = "02. Services", "02. Services", "{30397A69-94EC-4F6B-AC8E-4166F879B09F}"
EndProject
Project("{2150E333-8FDC-42A3-9474-1A3956D46DE8}") = "03. Persistence", "03. Persistence", "{52E63109-F457-49CB-87F9-4B1D15C74771}"
EndProject
Project("{2150E333-8FDC-42A3-9474-1A3956D46DE8}") = "04. Models", "04. Models", "{2565A0C9-AF43-43B7-ACC2-7AE14B1702CF}"
EndProject
Project("{2150E333-8FDC-42A3-9474-1A3956D46DE8}") = "05. Testing", "05. Testing", "{B9CE7BD9-172C-4E28-86A2-E26AF4CA0D76}"
EndProject
Project("{9A19103F-16F7-4668-BE54-9A1E7A4F7556}") = "Customer.Api", "src\Services\Customer\Customer.Api\Customer.Api.csproj", "{CA5459FF-162B-49F5-AD68-0DC24C31F187}"
EndProject
Project("{9A19103F-16F7-4668-BE54-9A1E7A4F7556}") = "Customer.Domain", "src\Services\Customer\Customer.Domain\Customer.Domain.csproj", "{F5FB11F0-724F-4585-9EE1-817D52266798}"
EndProject
Project("{9A19103F-16F7-4668-BE54-9A1E7A4F7556}") = "Customer.Persistence.Database", "src\Services\Customer\Customer.Persistence.Database\Customer.Persistence.Database.csproj", "{16350845-B133-44F8-8A44-4A4A51AE93A5}"
EndProject
Project("{9A19103F-16F7-4668-BE54-9A1E7A4F7556}") = "Customer.Services.Queries", "src\Services\Customer\Customer.Services.Queries\Customer.Services.Queries.csproj", "{3B165D8F-6BE2-4419-BB95-1A373C8DCFA1}"
EndProject
Project("{9A19103F-16F7-4668-BE54-9A1E7A4F7556}") = "Customer.Services.EventHandlers", "src\Services\Customer\Customer.Services.EventHandlers\Customer.Services.EventHandlers.csproj", "{BCACF460-E578-4C3A-A190-539BA79BCF6F}"
EndProject
Project("{2150E333-8FDC-42A3-9474-1A3956D46DE8}") = "01. API", "01. API", "{46BD7E09-D6BC-4481-9C8C-3152623205BE}"
EndProject
Project("{2150E333-8FDC-42A3-9474-1A3956D46DE8}") = "02. Services", "02. Services", "{1588275E-2C7E-4ED6-A68B-E734F41E9E2B}"
EndProject
Project("{2150E333-8FDC-42A3-9474-1A3956D46DE8}") = "03. Persistence", "03. Persistence", "{5DA24CE6-A0F2-4C33-B7F7-AE52E3820D52}"
EndProject
Project("{2150E333-8FDC-42A3-9474-1A3956D46DE8}") = "04. Models", "04. Models", "{C78593BD-EBBD-4C2B-93D5-5793173440C0}"
EndProject
Project("{2150E333-8FDC-42A3-9474-1A3956D46DE8}") = "05. Common", "05. Common", "{7F3F9B29-047B-4668-9849-59479D1B30CF}"
EndProject
Project("{2150E333-8FDC-42A3-9474-1A3956D46DE8}") = "06. Testing", "06. Testing", "{106625A4-B3A1-4A58-A54A-1EB921F10EBC}"
EndProject
Project("{FAE04EC0-301F-11D3-BF4B-00C04F79EFBC}") = "Order.Common", "src\Services\Order\Order.Common\Order.Common.csproj", "{993A9687-7F1D-4219-9323-26B371B56C87}"
EndProject
Project("{FAE04EC0-301F-11D3-BF4B-00C04F79EFBC}") = "Order.Domain", "src\Services\Order\Order.Domain\Order.Domain.csproj", "{A8775195-8E72-42D9-8BA5-FDCED7800E8B}"
EndProject
Project("{FAE04EC0-301F-11D3-BF4B-00C04F79EFBC}") = "Order.Persistence.Database", "src\Services\Order\Order.Persistence.Database\Order.Persistence.Database.csproj", "{003A65C9-881F-4923-9E74-45F044895749}"
EndProject
Project("{FAE04EC0-301F-11D3-BF4B-00C04F79EFBC}") = "Order.Api", "src\Services\Order\Order.Api\Order.Api.csproj", "{C90E78AD-73E2-42D4-A97D-825A15FF1C02}"
EndProject
Global
	GlobalSection(SolutionConfigurationPlatforms) = preSolution
		Debug|Any CPU = Debug|Any CPU
		Release|Any CPU = Release|Any CPU
	EndGlobalSection
	GlobalSection(ProjectConfigurationPlatforms) = postSolution
		{19BC7008-7874-4044-B562-6FDD9F1CBBD3}.Debug|Any CPU.ActiveCfg = Debug|Any CPU
		{19BC7008-7874-4044-B562-6FDD9F1CBBD3}.Debug|Any CPU.Build.0 = Debug|Any CPU
		{19BC7008-7874-4044-B562-6FDD9F1CBBD3}.Release|Any CPU.ActiveCfg = Release|Any CPU
		{19BC7008-7874-4044-B562-6FDD9F1CBBD3}.Release|Any CPU.Build.0 = Release|Any CPU
		{B364E0CB-2313-4B35-AD6B-782F63F9F4D6}.Debug|Any CPU.ActiveCfg = Debug|Any CPU
		{B364E0CB-2313-4B35-AD6B-782F63F9F4D6}.Debug|Any CPU.Build.0 = Debug|Any CPU
		{B364E0CB-2313-4B35-AD6B-782F63F9F4D6}.Release|Any CPU.ActiveCfg = Release|Any CPU
		{B364E0CB-2313-4B35-AD6B-782F63F9F4D6}.Release|Any CPU.Build.0 = Release|Any CPU
		{407C27A2-AC4C-4515-99A3-E754C8D2C35B}.Debug|Any CPU.ActiveCfg = Debug|Any CPU
		{407C27A2-AC4C-4515-99A3-E754C8D2C35B}.Debug|Any CPU.Build.0 = Debug|Any CPU
		{407C27A2-AC4C-4515-99A3-E754C8D2C35B}.Release|Any CPU.ActiveCfg = Release|Any CPU
		{407C27A2-AC4C-4515-99A3-E754C8D2C35B}.Release|Any CPU.Build.0 = Release|Any CPU
		{996EB0B3-42E4-4E55-A388-400F23E21F14}.Debug|Any CPU.ActiveCfg = Debug|Any CPU
		{996EB0B3-42E4-4E55-A388-400F23E21F14}.Debug|Any CPU.Build.0 = Debug|Any CPU
		{996EB0B3-42E4-4E55-A388-400F23E21F14}.Release|Any CPU.ActiveCfg = Release|Any CPU
		{996EB0B3-42E4-4E55-A388-400F23E21F14}.Release|Any CPU.Build.0 = Release|Any CPU
		{B6E2024E-5667-4ED7-869F-619E48C2C63E}.Debug|Any CPU.ActiveCfg = Debug|Any CPU
		{B6E2024E-5667-4ED7-869F-619E48C2C63E}.Debug|Any CPU.Build.0 = Debug|Any CPU
		{B6E2024E-5667-4ED7-869F-619E48C2C63E}.Release|Any CPU.ActiveCfg = Release|Any CPU
		{B6E2024E-5667-4ED7-869F-619E48C2C63E}.Release|Any CPU.Build.0 = Release|Any CPU
		{D2018FA4-2768-4939-8E95-63A2E850B075}.Debug|Any CPU.ActiveCfg = Debug|Any CPU
		{D2018FA4-2768-4939-8E95-63A2E850B075}.Debug|Any CPU.Build.0 = Debug|Any CPU
		{D2018FA4-2768-4939-8E95-63A2E850B075}.Release|Any CPU.ActiveCfg = Release|Any CPU
		{D2018FA4-2768-4939-8E95-63A2E850B075}.Release|Any CPU.Build.0 = Release|Any CPU
		{CB019F65-0457-4F6A-8DFB-C8F1F25CDE0B}.Debug|Any CPU.ActiveCfg = Debug|Any CPU
		{CB019F65-0457-4F6A-8DFB-C8F1F25CDE0B}.Debug|Any CPU.Build.0 = Debug|Any CPU
		{CB019F65-0457-4F6A-8DFB-C8F1F25CDE0B}.Release|Any CPU.ActiveCfg = Release|Any CPU
		{CB019F65-0457-4F6A-8DFB-C8F1F25CDE0B}.Release|Any CPU.Build.0 = Release|Any CPU
		{A45BAFB2-3F1C-4A87-9CD9-F2FD278CD30C}.Debug|Any CPU.ActiveCfg = Debug|Any CPU
		{A45BAFB2-3F1C-4A87-9CD9-F2FD278CD30C}.Debug|Any CPU.Build.0 = Debug|Any CPU
		{A45BAFB2-3F1C-4A87-9CD9-F2FD278CD30C}.Release|Any CPU.ActiveCfg = Release|Any CPU
		{A45BAFB2-3F1C-4A87-9CD9-F2FD278CD30C}.Release|Any CPU.Build.0 = Release|Any CPU
		{9C7E8917-78DC-41A3-8E1C-814D8A0A01E6}.Debug|Any CPU.ActiveCfg = Debug|Any CPU
		{9C7E8917-78DC-41A3-8E1C-814D8A0A01E6}.Debug|Any CPU.Build.0 = Debug|Any CPU
		{9C7E8917-78DC-41A3-8E1C-814D8A0A01E6}.Release|Any CPU.ActiveCfg = Release|Any CPU
		{9C7E8917-78DC-41A3-8E1C-814D8A0A01E6}.Release|Any CPU.Build.0 = Release|Any CPU
		{5DEB6694-640D-4F09-9DF9-4C12F445749F}.Debug|Any CPU.ActiveCfg = Debug|Any CPU
		{5DEB6694-640D-4F09-9DF9-4C12F445749F}.Debug|Any CPU.Build.0 = Debug|Any CPU
		{5DEB6694-640D-4F09-9DF9-4C12F445749F}.Release|Any CPU.ActiveCfg = Release|Any CPU
		{5DEB6694-640D-4F09-9DF9-4C12F445749F}.Release|Any CPU.Build.0 = Release|Any CPU
		{272F80CE-DDA8-4210-A946-21366597577F}.Debug|Any CPU.ActiveCfg = Debug|Any CPU
		{272F80CE-DDA8-4210-A946-21366597577F}.Debug|Any CPU.Build.0 = Debug|Any CPU
		{272F80CE-DDA8-4210-A946-21366597577F}.Release|Any CPU.ActiveCfg = Release|Any CPU
		{272F80CE-DDA8-4210-A946-21366597577F}.Release|Any CPU.Build.0 = Release|Any CPU
		{CA5459FF-162B-49F5-AD68-0DC24C31F187}.Debug|Any CPU.ActiveCfg = Debug|Any CPU
		{CA5459FF-162B-49F5-AD68-0DC24C31F187}.Debug|Any CPU.Build.0 = Debug|Any CPU
		{CA5459FF-162B-49F5-AD68-0DC24C31F187}.Release|Any CPU.ActiveCfg = Release|Any CPU
		{CA5459FF-162B-49F5-AD68-0DC24C31F187}.Release|Any CPU.Build.0 = Release|Any CPU
		{F5FB11F0-724F-4585-9EE1-817D52266798}.Debug|Any CPU.ActiveCfg = Debug|Any CPU
		{F5FB11F0-724F-4585-9EE1-817D52266798}.Debug|Any CPU.Build.0 = Debug|Any CPU
		{F5FB11F0-724F-4585-9EE1-817D52266798}.Release|Any CPU.ActiveCfg = Release|Any CPU
		{F5FB11F0-724F-4585-9EE1-817D52266798}.Release|Any CPU.Build.0 = Release|Any CPU
		{16350845-B133-44F8-8A44-4A4A51AE93A5}.Debug|Any CPU.ActiveCfg = Debug|Any CPU
		{16350845-B133-44F8-8A44-4A4A51AE93A5}.Debug|Any CPU.Build.0 = Debug|Any CPU
		{16350845-B133-44F8-8A44-4A4A51AE93A5}.Release|Any CPU.ActiveCfg = Release|Any CPU
		{16350845-B133-44F8-8A44-4A4A51AE93A5}.Release|Any CPU.Build.0 = Release|Any CPU
		{3B165D8F-6BE2-4419-BB95-1A373C8DCFA1}.Debug|Any CPU.ActiveCfg = Debug|Any CPU
		{3B165D8F-6BE2-4419-BB95-1A373C8DCFA1}.Debug|Any CPU.Build.0 = Debug|Any CPU
		{3B165D8F-6BE2-4419-BB95-1A373C8DCFA1}.Release|Any CPU.ActiveCfg = Release|Any CPU
		{3B165D8F-6BE2-4419-BB95-1A373C8DCFA1}.Release|Any CPU.Build.0 = Release|Any CPU
		{BCACF460-E578-4C3A-A190-539BA79BCF6F}.Debug|Any CPU.ActiveCfg = Debug|Any CPU
		{BCACF460-E578-4C3A-A190-539BA79BCF6F}.Debug|Any CPU.Build.0 = Debug|Any CPU
		{BCACF460-E578-4C3A-A190-539BA79BCF6F}.Release|Any CPU.ActiveCfg = Release|Any CPU
		{BCACF460-E578-4C3A-A190-539BA79BCF6F}.Release|Any CPU.Build.0 = Release|Any CPU
		{993A9687-7F1D-4219-9323-26B371B56C87}.Debug|Any CPU.ActiveCfg = Debug|Any CPU
		{993A9687-7F1D-4219-9323-26B371B56C87}.Debug|Any CPU.Build.0 = Debug|Any CPU
		{993A9687-7F1D-4219-9323-26B371B56C87}.Release|Any CPU.ActiveCfg = Release|Any CPU
		{993A9687-7F1D-4219-9323-26B371B56C87}.Release|Any CPU.Build.0 = Release|Any CPU
		{A8775195-8E72-42D9-8BA5-FDCED7800E8B}.Debug|Any CPU.ActiveCfg = Debug|Any CPU
		{A8775195-8E72-42D9-8BA5-FDCED7800E8B}.Debug|Any CPU.Build.0 = Debug|Any CPU
		{A8775195-8E72-42D9-8BA5-FDCED7800E8B}.Release|Any CPU.ActiveCfg = Release|Any CPU
		{A8775195-8E72-42D9-8BA5-FDCED7800E8B}.Release|Any CPU.Build.0 = Release|Any CPU
		{003A65C9-881F-4923-9E74-45F044895749}.Debug|Any CPU.ActiveCfg = Debug|Any CPU
		{003A65C9-881F-4923-9E74-45F044895749}.Debug|Any CPU.Build.0 = Debug|Any CPU
		{003A65C9-881F-4923-9E74-45F044895749}.Release|Any CPU.ActiveCfg = Release|Any CPU
		{003A65C9-881F-4923-9E74-45F044895749}.Release|Any CPU.Build.0 = Release|Any CPU
		{C90E78AD-73E2-42D4-A97D-825A15FF1C02}.Debug|Any CPU.ActiveCfg = Debug|Any CPU
		{C90E78AD-73E2-42D4-A97D-825A15FF1C02}.Debug|Any CPU.Build.0 = Debug|Any CPU
		{C90E78AD-73E2-42D4-A97D-825A15FF1C02}.Release|Any CPU.ActiveCfg = Release|Any CPU
		{C90E78AD-73E2-42D4-A97D-825A15FF1C02}.Release|Any CPU.Build.0 = Release|Any CPU
	EndGlobalSection
	GlobalSection(SolutionProperties) = preSolution
		HideSolutionNode = FALSE
	EndGlobalSection
	GlobalSection(NestedProjects) = preSolution
		{EDAE3202-242B-44AC-AE02-988468598FE2} = {95A51AA6-1E90-450C-A889-7FD0BDC4036A}
		{39F0554C-00E9-404C-90DD-49D629084787} = {95A51AA6-1E90-450C-A889-7FD0BDC4036A}
		{04D93F9E-2725-4B49-8AEB-67FDF0D8CFE2} = {95A51AA6-1E90-450C-A889-7FD0BDC4036A}
		{6E690C30-2752-4A2E-B953-50071C3AABC1} = {95A51AA6-1E90-450C-A889-7FD0BDC4036A}
		{19BC7008-7874-4044-B562-6FDD9F1CBBD3} = {A8FA1686-71E4-4146-B6B6-8EE89AD8AC9A}
		{A8FA1686-71E4-4146-B6B6-8EE89AD8AC9A} = {39F0554C-00E9-404C-90DD-49D629084787}
		{459625E1-AD08-46B3-AB2C-4F7174481F9F} = {39F0554C-00E9-404C-90DD-49D629084787}
		{EC022602-3411-4D94-878B-BB8DB3F441C6} = {39F0554C-00E9-404C-90DD-49D629084787}
		{33670ADE-F857-45B7-AD22-7BA57FF91CDA} = {39F0554C-00E9-404C-90DD-49D629084787}
		{B364E0CB-2313-4B35-AD6B-782F63F9F4D6} = {33670ADE-F857-45B7-AD22-7BA57FF91CDA}
		{407C27A2-AC4C-4515-99A3-E754C8D2C35B} = {EC022602-3411-4D94-878B-BB8DB3F441C6}
		{996EB0B3-42E4-4E55-A388-400F23E21F14} = {459625E1-AD08-46B3-AB2C-4F7174481F9F}
		{A0E78EAC-DFD3-425C-AB19-8856283E5A4A} = {95A51AA6-1E90-450C-A889-7FD0BDC4036A}
		{B6E2024E-5667-4ED7-869F-619E48C2C63E} = {A0E78EAC-DFD3-425C-AB19-8856283E5A4A}
		{D2018FA4-2768-4939-8E95-63A2E850B075} = {A0E78EAC-DFD3-425C-AB19-8856283E5A4A}
		{CB019F65-0457-4F6A-8DFB-C8F1F25CDE0B} = {A0E78EAC-DFD3-425C-AB19-8856283E5A4A}
		{A45BAFB2-3F1C-4A87-9CD9-F2FD278CD30C} = {459625E1-AD08-46B3-AB2C-4F7174481F9F}
		{000CB823-EB45-4C60-983B-09A068394E9A} = {39F0554C-00E9-404C-90DD-49D629084787}
		{9C7E8917-78DC-41A3-8E1C-814D8A0A01E6} = {000CB823-EB45-4C60-983B-09A068394E9A}
		{5DEB6694-640D-4F09-9DF9-4C12F445749F} = {263C238A-116F-43A8-BA5D-AC3ED47C9E77}
		{A8972BEE-8995-4388-9A16-6283DA3CEB85} = {39F0554C-00E9-404C-90DD-49D629084787}
		{272F80CE-DDA8-4210-A946-21366597577F} = {A8972BEE-8995-4388-9A16-6283DA3CEB85}
		{7B4CB541-8881-473B-992F-00CD6468C782} = {04D93F9E-2725-4B49-8AEB-67FDF0D8CFE2}
		{30397A69-94EC-4F6B-AC8E-4166F879B09F} = {04D93F9E-2725-4B49-8AEB-67FDF0D8CFE2}
		{52E63109-F457-49CB-87F9-4B1D15C74771} = {04D93F9E-2725-4B49-8AEB-67FDF0D8CFE2}
		{2565A0C9-AF43-43B7-ACC2-7AE14B1702CF} = {04D93F9E-2725-4B49-8AEB-67FDF0D8CFE2}
		{B9CE7BD9-172C-4E28-86A2-E26AF4CA0D76} = {04D93F9E-2725-4B49-8AEB-67FDF0D8CFE2}
		{CA5459FF-162B-49F5-AD68-0DC24C31F187} = {7B4CB541-8881-473B-992F-00CD6468C782}
		{F5FB11F0-724F-4585-9EE1-817D52266798} = {2565A0C9-AF43-43B7-ACC2-7AE14B1702CF}
		{16350845-B133-44F8-8A44-4A4A51AE93A5} = {52E63109-F457-49CB-87F9-4B1D15C74771}
		{3B165D8F-6BE2-4419-BB95-1A373C8DCFA1} = {30397A69-94EC-4F6B-AC8E-4166F879B09F}
		{BCACF460-E578-4C3A-A190-539BA79BCF6F} = {30397A69-94EC-4F6B-AC8E-4166F879B09F}
		{46BD7E09-D6BC-4481-9C8C-3152623205BE} = {6E690C30-2752-4A2E-B953-50071C3AABC1}
		{1588275E-2C7E-4ED6-A68B-E734F41E9E2B} = {6E690C30-2752-4A2E-B953-50071C3AABC1}
		{5DA24CE6-A0F2-4C33-B7F7-AE52E3820D52} = {6E690C30-2752-4A2E-B953-50071C3AABC1}
		{C78593BD-EBBD-4C2B-93D5-5793173440C0} = {6E690C30-2752-4A2E-B953-50071C3AABC1}
		{7F3F9B29-047B-4668-9849-59479D1B30CF} = {6E690C30-2752-4A2E-B953-50071C3AABC1}
		{106625A4-B3A1-4A58-A54A-1EB921F10EBC} = {6E690C30-2752-4A2E-B953-50071C3AABC1}
		{993A9687-7F1D-4219-9323-26B371B56C87} = {7F3F9B29-047B-4668-9849-59479D1B30CF}
		{A8775195-8E72-42D9-8BA5-FDCED7800E8B} = {C78593BD-EBBD-4C2B-93D5-5793173440C0}
		{003A65C9-881F-4923-9E74-45F044895749} = {5DA24CE6-A0F2-4C33-B7F7-AE52E3820D52}
		{C90E78AD-73E2-42D4-A97D-825A15FF1C02} = {46BD7E09-D6BC-4481-9C8C-3152623205BE}
	EndGlobalSection
	GlobalSection(ExtensibilityGlobals) = postSolution
		SolutionGuid = {E49A4694-316B-4D5E-AC47-A6BFF729AC83}
	EndGlobalSection
EndGlobal
