
Microsoft Visual Studio Solution File, Format Version 12.00
# Visual Studio Version 16
VisualStudioVersion = 16.0.30907.101
MinimumVisualStudioVersion = 10.0.40219.1
Project("{2150E333-8FDC-42A3-9474-1A3956D46DE8}") = "01. Clients", "01. Clients", "{995842E6-2F7C-4AFE-83B5-BF28B386B2A1}"
EndProject
Project("{2150E333-8FDC-42A3-9474-1A3956D46DE8}") = "02. Api.Gateways", "02. Api.Gateways", "{00C76FD7-71F5-4A08-8DB2-46F04DFE9255}"
EndProject
Project("{2150E333-8FDC-42A3-9474-1A3956D46DE8}") = "03. Services", "03. Services", "{95A51AA6-1E90-450C-A889-7FD0BDC4036A}"
EndProject
Project("{2150E333-8FDC-42A3-9474-1A3956D46DE8}") = "01. Identity", "01. Identity", "{EDAE3202-242B-44AC-AE02-988468598FE2}"
EndProject
Project("{2150E333-8FDC-42A3-9474-1A3956D46DE8}") = "02. Catalog", "02. Catalog", "{39F0554C-00E9-404C-90DD-49D629084787}"
EndProject
Project("{2150E333-8FDC-42A3-9474-1A3956D46DE8}") = "03. Customer", "03. Customer", "{04D93F9E-2725-4B49-8AEB-67FDF0D8CFE2}"
EndProject
Project("{2150E333-8FDC-42A3-9474-1A3956D46DE8}") = "04. Order", "04. Order", "{6E690C30-2752-4A2E-B953-50071C3AABC1}"
EndProject
Project("{9A19103F-16F7-4668-BE54-9A1E7A4F7556}") = "Catalog.Api", "src\Services\Catalog\Catalog.Api\Catalog.Api.csproj", "{19BC7008-7874-4044-B562-6FDD9F1CBBD3}"
EndProject
Project("{2150E333-8FDC-42A3-9474-1A3956D46DE8}") = "01. API", "01. API", "{A8FA1686-71E4-4146-B6B6-8EE89AD8AC9A}"
EndProject
Project("{2150E333-8FDC-42A3-9474-1A3956D46DE8}") = "02. Services", "02. Services", "{459625E1-AD08-46B3-AB2C-4F7174481F9F}"
EndProject
Project("{2150E333-8FDC-42A3-9474-1A3956D46DE8}") = "03. Persistence", "03. Persistence", "{EC022602-3411-4D94-878B-BB8DB3F441C6}"
EndProject
Project("{2150E333-8FDC-42A3-9474-1A3956D46DE8}") = "04. Models", "04. Models", "{33670ADE-F857-45B7-AD22-7BA57FF91CDA}"
EndProject
Project("{9A19103F-16F7-4668-BE54-9A1E7A4F7556}") = "Catalog.Domain", "src\Services\Catalog\Catalog.Domain\Catalog.Domain.csproj", "{B364E0CB-2313-4B35-AD6B-782F63F9F4D6}"
EndProject
Project("{9A19103F-16F7-4668-BE54-9A1E7A4F7556}") = "Catalog.Persistence.Database", "src\Services\Catalog\Catalog.Persistence.Database\Catalog.Persistence.Database.csproj", "{407C27A2-AC4C-4515-99A3-E754C8D2C35B}"
EndProject
Project("{9A19103F-16F7-4668-BE54-9A1E7A4F7556}") = "Catalog.Services.Queries", "src\Services\Catalog\Catalog.Services.Queries\Catalog.Services.Queries.csproj", "{996EB0B3-42E4-4E55-A388-400F23E21F14}"
EndProject
Project("{2150E333-8FDC-42A3-9474-1A3956D46DE8}") = "Common", "Common", "{A0E78EAC-DFD3-425C-AB19-8856283E5A4A}"
EndProject
Project("{9A19103F-16F7-4668-BE54-9A1E7A4F7556}") = "Services.Common.Mapping", "src\Services\Common\Services.Common.Mapping\Services.Common.Mapping.csproj", "{B6E2024E-5667-4ED7-869F-619E48C2C63E}"
EndProject
Project("{9A19103F-16F7-4668-BE54-9A1E7A4F7556}") = "Services.Common.Collection", "src\Services\Common\Services.Common.Collection\Services.Common.Collection.csproj", "{D2018FA4-2768-4939-8E95-63A2E850B075}"
EndProject
Project("{9A19103F-16F7-4668-BE54-9A1E7A4F7556}") = "Services.Common.Paging", "src\Services\Common\Services.Common.Paging\Services.Common.Paging.csproj", "{CB019F65-0457-4F6A-8DFB-C8F1F25CDE0B}"
EndProject
Project("{9A19103F-16F7-4668-BE54-9A1E7A4F7556}") = "Catalog.Service.EventHandlers", "src\Services\Catalog\Catalog.Service.EventHandlers\Catalog.Service.EventHandlers.csproj", "{A45BAFB2-3F1C-4A87-9CD9-F2FD278CD30C}"
EndProject
Project("{2150E333-8FDC-42A3-9474-1A3956D46DE8}") = "05. Common", "05. Common", "{000CB823-EB45-4C60-983B-09A068394E9A}"
EndProject
Project("{9A19103F-16F7-4668-BE54-9A1E7A4F7556}") = "Catalog.Common", "src\Services\Catalog\Catalog.Common\Catalog.Common.csproj", "{9C7E8917-78DC-41A3-8E1C-814D8A0A01E6}"
EndProject
Project("{2150E333-8FDC-42A3-9474-1A3956D46DE8}") = "04. Common", "04. Common", "{263C238A-116F-43A8-BA5D-AC3ED47C9E77}"
EndProject
Project("{9A19103F-16F7-4668-BE54-9A1E7A4F7556}") = "Common.Logging", "src\Common.Logging\Common.Logging.csproj", "{5DEB6694-640D-4F09-9DF9-4C12F445749F}"
EndProject
Project("{2150E333-8FDC-42A3-9474-1A3956D46DE8}") = "06. Testing", "06. Testing", "{A8972BEE-8995-4388-9A16-6283DA3CEB85}"
EndProject
Project("{FAE04EC0-301F-11D3-BF4B-00C04F79EFBC}") = "Catalog.Tests", "src\Services\Catalog\Catalog.Tests\Catalog.Tests.csproj", "{272F80CE-DDA8-4210-A946-21366597577F}"
EndProject
Global
	GlobalSection(SolutionConfigurationPlatforms) = preSolution
		Debug|Any CPU = Debug|Any CPU
		Release|Any CPU = Release|Any CPU
	EndGlobalSection
	GlobalSection(ProjectConfigurationPlatforms) = postSolution
		{19BC7008-7874-4044-B562-6FDD9F1CBBD3}.Debug|Any CPU.ActiveCfg = Debug|Any CPU
		{19BC7008-7874-4044-B562-6FDD9F1CBBD3}.Debug|Any CPU.Build.0 = Debug|Any CPU
		{19BC7008-7874-4044-B562-6FDD9F1CBBD3}.Release|Any CPU.ActiveCfg = Release|Any CPU
		{19BC7008-7874-4044-B562-6FDD9F1CBBD3}.Release|Any CPU.Build.0 = Release|Any CPU
		{B364E0CB-2313-4B35-AD6B-782F63F9F4D6}.Debug|Any CPU.ActiveCfg = Debug|Any CPU
		{B364E0CB-2313-4B35-AD6B-782F63F9F4D6}.Debug|Any CPU.Build.0 = Debug|Any CPU
		{B364E0CB-2313-4B35-AD6B-782F63F9F4D6}.Release|Any CPU.ActiveCfg = Release|Any CPU
		{B364E0CB-2313-4B35-AD6B-782F63F9F4D6}.Release|Any CPU.Build.0 = Release|Any CPU
		{407C27A2-AC4C-4515-99A3-E754C8D2C35B}.Debug|Any CPU.ActiveCfg = Debug|Any CPU
		{407C27A2-AC4C-4515-99A3-E754C8D2C35B}.Debug|Any CPU.Build.0 = Debug|Any CPU
		{407C27A2-AC4C-4515-99A3-E754C8D2C35B}.Release|Any CPU.ActiveCfg = Release|Any CPU
		{407C27A2-AC4C-4515-99A3-E754C8D2C35B}.Release|Any CPU.Build.0 = Release|Any CPU
		{996EB0B3-42E4-4E55-A388-400F23E21F14}.Debug|Any CPU.ActiveCfg = Debug|Any CPU
		{996EB0B3-42E4-4E55-A388-400F23E21F14}.Debug|Any CPU.Build.0 = Debug|Any CPU
		{996EB0B3-42E4-4E55-A388-400F23E21F14}.Release|Any CPU.ActiveCfg = Release|Any CPU
		{996EB0B3-42E4-4E55-A388-400F23E21F14}.Release|Any CPU.Build.0 = Release|Any CPU
		{B6E2024E-5667-4ED7-869F-619E48C2C63E}.Debug|Any CPU.ActiveCfg = Debug|Any CPU
		{B6E2024E-5667-4ED7-869F-619E48C2C63E}.Debug|Any CPU.Build.0 = Debug|Any CPU
		{B6E2024E-5667-4ED7-869F-619E48C2C63E}.Release|Any CPU.ActiveCfg = Release|Any CPU
		{B6E2024E-5667-4ED7-869F-619E48C2C63E}.Release|Any CPU.Build.0 = Release|Any CPU
		{D2018FA4-2768-4939-8E95-63A2E850B075}.Debug|Any CPU.ActiveCfg = Debug|Any CPU
		{D2018FA4-2768-4939-8E95-63A2E850B075}.Debug|Any CPU.Build.0 = Debug|Any CPU
		{D2018FA4-2768-4939-8E95-63A2E850B075}.Release|Any CPU.ActiveCfg = Release|Any CPU
		{D2018FA4-2768-4939-8E95-63A2E850B075}.Release|Any CPU.Build.0 = Release|Any CPU
		{CB019F65-0457-4F6A-8DFB-C8F1F25CDE0B}.Debug|Any CPU.ActiveCfg = Debug|Any CPU
		{CB019F65-0457-4F6A-8DFB-C8F1F25CDE0B}.Debug|Any CPU.Build.0 = Debug|Any CPU
		{CB019F65-0457-4F6A-8DFB-C8F1F25CDE0B}.Release|Any CPU.ActiveCfg = Release|Any CPU
		{CB019F65-0457-4F6A-8DFB-C8F1F25CDE0B}.Release|Any CPU.Build.0 = Release|Any CPU
		{A45BAFB2-3F1C-4A87-9CD9-F2FD278CD30C}.Debug|Any CPU.ActiveCfg = Debug|Any CPU
		{A45BAFB2-3F1C-4A87-9CD9-F2FD278CD30C}.Debug|Any CPU.Build.0 = Debug|Any CPU
		{A45BAFB2-3F1C-4A87-9CD9-F2FD278CD30C}.Release|Any CPU.ActiveCfg = Release|Any CPU
		{A45BAFB2-3F1C-4A87-9CD9-F2FD278CD30C}.Release|Any CPU.Build.0 = Release|Any CPU
		{9C7E8917-78DC-41A3-8E1C-814D8A0A01E6}.Debug|Any CPU.ActiveCfg = Debug|Any CPU
		{9C7E8917-78DC-41A3-8E1C-814D8A0A01E6}.Debug|Any CPU.Build.0 = Debug|Any CPU
		{9C7E8917-78DC-41A3-8E1C-814D8A0A01E6}.Release|Any CPU.ActiveCfg = Release|Any CPU
		{9C7E8917-78DC-41A3-8E1C-814D8A0A01E6}.Release|Any CPU.Build.0 = Release|Any CPU
		{5DEB6694-640D-4F09-9DF9-4C12F445749F}.Debug|Any CPU.ActiveCfg = Debug|Any CPU
		{5DEB6694-640D-4F09-9DF9-4C12F445749F}.Debug|Any CPU.Build.0 = Debug|Any CPU
		{5DEB6694-640D-4F09-9DF9-4C12F445749F}.Release|Any CPU.ActiveCfg = Release|Any CPU
		{5DEB6694-640D-4F09-9DF9-4C12F445749F}.Release|Any CPU.Build.0 = Release|Any CPU
		{272F80CE-DDA8-4210-A946-21366597577F}.Debug|Any CPU.ActiveCfg = Debug|Any CPU
		{272F80CE-DDA8-4210-A946-21366597577F}.Debug|Any CPU.Build.0 = Debug|Any CPU
		{272F80CE-DDA8-4210-A946-21366597577F}.Release|Any CPU.ActiveCfg = Release|Any CPU
		{272F80CE-DDA8-4210-A946-21366597577F}.Release|Any CPU.Build.0 = Release|Any CPU
	EndGlobalSection
	GlobalSection(SolutionProperties) = preSolution
		HideSolutionNode = FALSE
	EndGlobalSection
	GlobalSection(NestedProjects) = preSolution
		{EDAE3202-242B-44AC-AE02-988468598FE2} = {95A51AA6-1E90-450C-A889-7FD0BDC4036A}
		{39F0554C-00E9-404C-90DD-49D629084787} = {95A51AA6-1E90-450C-A889-7FD0BDC4036A}
		{04D93F9E-2725-4B49-8AEB-67FDF0D8CFE2} = {95A51AA6-1E90-450C-A889-7FD0BDC4036A}
		{6E690C30-2752-4A2E-B953-50071C3AABC1} = {95A51AA6-1E90-450C-A889-7FD0BDC4036A}
		{19BC7008-7874-4044-B562-6FDD9F1CBBD3} = {A8FA1686-71E4-4146-B6B6-8EE89AD8AC9A}
		{A8FA1686-71E4-4146-B6B6-8EE89AD8AC9A} = {39F0554C-00E9-404C-90DD-49D629084787}
		{459625E1-AD08-46B3-AB2C-4F7174481F9F} = {39F0554C-00E9-404C-90DD-49D629084787}
		{EC022602-3411-4D94-878B-BB8DB3F441C6} = {39F0554C-00E9-404C-90DD-49D629084787}
		{33670ADE-F857-45B7-AD22-7BA57FF91CDA} = {39F0554C-00E9-404C-90DD-49D629084787}
		{B364E0CB-2313-4B35-AD6B-782F63F9F4D6} = {33670ADE-F857-45B7-AD22-7BA57FF91CDA}
		{407C27A2-AC4C-4515-99A3-E754C8D2C35B} = {EC022602-3411-4D94-878B-BB8DB3F441C6}
		{996EB0B3-42E4-4E55-A388-400F23E21F14} = {459625E1-AD08-46B3-AB2C-4F7174481F9F}
		{A0E78EAC-DFD3-425C-AB19-8856283E5A4A} = {95A51AA6-1E90-450C-A889-7FD0BDC4036A}
		{B6E2024E-5667-4ED7-869F-619E48C2C63E} = {A0E78EAC-DFD3-425C-AB19-8856283E5A4A}
		{D2018FA4-2768-4939-8E95-63A2E850B075} = {A0E78EAC-DFD3-425C-AB19-8856283E5A4A}
		{CB019F65-0457-4F6A-8DFB-C8F1F25CDE0B} = {A0E78EAC-DFD3-425C-AB19-8856283E5A4A}
		{A45BAFB2-3F1C-4A87-9CD9-F2FD278CD30C} = {459625E1-AD08-46B3-AB2C-4F7174481F9F}
		{000CB823-EB45-4C60-983B-09A068394E9A} = {39F0554C-00E9-404C-90DD-49D629084787}
		{9C7E8917-78DC-41A3-8E1C-814D8A0A01E6} = {000CB823-EB45-4C60-983B-09A068394E9A}
		{5DEB6694-640D-4F09-9DF9-4C12F445749F} = {263C238A-116F-43A8-BA5D-AC3ED47C9E77}
		{A8972BEE-8995-4388-9A16-6283DA3CEB85} = {39F0554C-00E9-404C-90DD-49D629084787}
		{272F80CE-DDA8-4210-A946-21366597577F} = {A8972BEE-8995-4388-9A16-6283DA3CEB85}
	EndGlobalSection
	GlobalSection(ExtensibilityGlobals) = postSolution
		SolutionGuid = {E49A4694-316B-4D5E-AC47-A6BFF729AC83}
	EndGlobalSection
EndGlobal
